
Microsoft Visual Studio Solution File, Format Version 12.00
# Visual Studio Version 16
VisualStudioVersion = 16.0.32901.82
MinimumVisualStudioVersion = 10.0.40219.1
Project("{FAE04EC0-301F-11D3-BF4B-00C04F79EFBC}") = "GrBritainRadel", "GrBritainRadel.csproj", "{7DC2321A-6740-4035-8DFB-15E01902F25B}"
EndProject
Global
	GlobalSection(SolutionConfigurationPlatforms) = preSolution
		Debug|Any CPU = Debug|Any CPU
		Release|Any CPU = Release|Any CPU
	EndGlobalSection
	GlobalSection(ProjectConfigurationPlatforms) = postSolution
		{7DC2321A-6740-4035-8DFB-15E01902F25B}.Debug|Any CPU.ActiveCfg = Debug|Any CPU
		{7DC2321A-6740-4035-8DFB-15E01902F25B}.Debug|Any CPU.Build.0 = Debug|Any CPU
		{7DC2321A-6740-4035-8DFB-15E01902F25B}.Release|Any CPU.ActiveCfg = Release|Any CPU
		{7DC2321A-6740-4035-8DFB-15E01902F25B}.Release|Any CPU.Build.0 = Release|Any CPU
	EndGlobalSection
	GlobalSection(SolutionProperties) = preSolution
		HideSolutionNode = FALSE
	EndGlobalSection
	GlobalSection(ExtensibilityGlobals) = postSolution
		SolutionGuid = {804DFA76-D9F0-4FC3-AF25-3BD702D5BE67}
	EndGlobalSection
EndGlobal
